
Microsoft Visual Studio Solution File, Format Version 12.00
# Visual Studio 14
VisualStudioVersion = 14.0.23107.0
MinimumVisualStudioVersion = 10.0.40219.1
Project("{FAE04EC0-301F-11D3-BF4B-00C04F79EFBC}") = "WinForm", "WinForm\WinForm.csproj", "{6DE5CBB9-00F8-42CA-B68E-B472DF77A62A}"
EndProject
Project("{FAE04EC0-301F-11D3-BF4B-00C04F79EFBC}") = "Core", "Core\Core.csproj", "{05B2DED4-313A-4BEC-88A7-AE7C58857188}"
EndProject
Project("{FAE04EC0-301F-11D3-BF4B-00C04F79EFBC}") = "WebForm", "WebForm\WebForm.csproj", "{047A25DE-CDB1-482E-A0EA-AA51557D37EE}"
EndProject
Global
	GlobalSection(SolutionConfigurationPlatforms) = preSolution
		Debug|Any CPU = Debug|Any CPU
		Release|Any CPU = Release|Any CPU
	EndGlobalSection
	GlobalSection(ProjectConfigurationPlatforms) = postSolution
		{6DE5CBB9-00F8-42CA-B68E-B472DF77A62A}.Debug|Any CPU.ActiveCfg = Debug|Any CPU
		{6DE5CBB9-00F8-42CA-B68E-B472DF77A62A}.Debug|Any CPU.Build.0 = Debug|Any CPU
		{6DE5CBB9-00F8-42CA-B68E-B472DF77A62A}.Release|Any CPU.ActiveCfg = Release|Any CPU
		{6DE5CBB9-00F8-42CA-B68E-B472DF77A62A}.Release|Any CPU.Build.0 = Release|Any CPU
		{05B2DED4-313A-4BEC-88A7-AE7C58857188}.Debug|Any CPU.ActiveCfg = Debug|Any CPU
		{05B2DED4-313A-4BEC-88A7-AE7C58857188}.Debug|Any CPU.Build.0 = Debug|Any CPU
		{05B2DED4-313A-4BEC-88A7-AE7C58857188}.Release|Any CPU.ActiveCfg = Release|Any CPU
		{05B2DED4-313A-4BEC-88A7-AE7C58857188}.Release|Any CPU.Build.0 = Release|Any CPU
		{047A25DE-CDB1-482E-A0EA-AA51557D37EE}.Debug|Any CPU.ActiveCfg = Debug|Any CPU
		{047A25DE-CDB1-482E-A0EA-AA51557D37EE}.Debug|Any CPU.Build.0 = Debug|Any CPU
		{047A25DE-CDB1-482E-A0EA-AA51557D37EE}.Release|Any CPU.ActiveCfg = Release|Any CPU
		{047A25DE-CDB1-482E-A0EA-AA51557D37EE}.Release|Any CPU.Build.0 = Release|Any CPU
	EndGlobalSection
	GlobalSection(SolutionProperties) = preSolution
		HideSolutionNode = FALSE
	EndGlobalSection
EndGlobal
